
Microsoft Visual Studio Solution File, Format Version 12.00
# Visual Studio Version 17
VisualStudioVersion = 17.9.34723.18
MinimumVisualStudioVersion = 10.0.40219.1
Project("{9A19103F-16F7-4668-BE54-9A1E7A4F7556}") = "UserAccountModel", "UserAccountModels\UserAccountModel.csproj", "{05951DB9-4B8E-41FD-8ABC-FD43C896F90D}"
EndProject
Project("{FAE04EC0-301F-11D3-BF4B-00C04F79EFBC}") = "UserAccountDataServices", "UserAccountDataServices\UserAccountDataServices.csproj", "{4EBEFDD4-85DB-43F6-82C7-0C60160474AC}"
EndProject
Project("{FAE04EC0-301F-11D3-BF4B-00C04F79EFBC}") = "UserAccountBusinessServices", "UserAccountBusinessServices\UserAccountBusinessServices.csproj", "{D652470F-B167-4396-A398-A023BD4AE155}"
EndProject
Global
	GlobalSection(SolutionConfigurationPlatforms) = preSolution
		Debug|Any CPU = Debug|Any CPU
		Release|Any CPU = Release|Any CPU
	EndGlobalSection
	GlobalSection(ProjectConfigurationPlatforms) = postSolution
		{05951DB9-4B8E-41FD-8ABC-FD43C896F90D}.Debug|Any CPU.ActiveCfg = Debug|Any CPU
		{05951DB9-4B8E-41FD-8ABC-FD43C896F90D}.Debug|Any CPU.Build.0 = Debug|Any CPU
		{05951DB9-4B8E-41FD-8ABC-FD43C896F90D}.Release|Any CPU.ActiveCfg = Release|Any CPU
		{05951DB9-4B8E-41FD-8ABC-FD43C896F90D}.Release|Any CPU.Build.0 = Release|Any CPU
		{4EBEFDD4-85DB-43F6-82C7-0C60160474AC}.Debug|Any CPU.ActiveCfg = Debug|Any CPU
		{4EBEFDD4-85DB-43F6-82C7-0C60160474AC}.Debug|Any CPU.Build.0 = Debug|Any CPU
		{4EBEFDD4-85DB-43F6-82C7-0C60160474AC}.Release|Any CPU.ActiveCfg = Release|Any CPU
		{4EBEFDD4-85DB-43F6-82C7-0C60160474AC}.Release|Any CPU.Build.0 = Release|Any CPU
		{D652470F-B167-4396-A398-A023BD4AE155}.Debug|Any CPU.ActiveCfg = Debug|Any CPU
		{D652470F-B167-4396-A398-A023BD4AE155}.Debug|Any CPU.Build.0 = Debug|Any CPU
		{D652470F-B167-4396-A398-A023BD4AE155}.Release|Any CPU.ActiveCfg = Release|Any CPU
		{D652470F-B167-4396-A398-A023BD4AE155}.Release|Any CPU.Build.0 = Release|Any CPU
	EndGlobalSection
	GlobalSection(SolutionProperties) = preSolution
		HideSolutionNode = FALSE
	EndGlobalSection
	GlobalSection(ExtensibilityGlobals) = postSolution
		SolutionGuid = {4926C615-91B2-4B0F-A0D9-641268D81E92}
	EndGlobalSection
EndGlobal
